
Microsoft Visual Studio Solution File, Format Version 12.00
# Visual Studio Version 17
VisualStudioVersion = 17.8.34322.80
MinimumVisualStudioVersion = 10.0.40219.1
Project("{FAE04EC0-301F-11D3-BF4B-00C04F79EFBC}") = "SP_dz1", "SP_dz1\SP_dz1.csproj", "{4E7AA576-CC16-442C-9712-C3E355AAAF98}"
EndProject
Global
	GlobalSection(SolutionConfigurationPlatforms) = preSolution
		Debug|Any CPU = Debug|Any CPU
		Release|Any CPU = Release|Any CPU
	EndGlobalSection
	GlobalSection(ProjectConfigurationPlatforms) = postSolution
		{4E7AA576-CC16-442C-9712-C3E355AAAF98}.Debug|Any CPU.ActiveCfg = Debug|Any CPU
		{4E7AA576-CC16-442C-9712-C3E355AAAF98}.Debug|Any CPU.Build.0 = Debug|Any CPU
		{4E7AA576-CC16-442C-9712-C3E355AAAF98}.Release|Any CPU.ActiveCfg = Release|Any CPU
		{4E7AA576-CC16-442C-9712-C3E355AAAF98}.Release|Any CPU.Build.0 = Release|Any CPU
	EndGlobalSection
	GlobalSection(SolutionProperties) = preSolution
		HideSolutionNode = FALSE
	EndGlobalSection
	GlobalSection(ExtensibilityGlobals) = postSolution
		SolutionGuid = {2F5CAA67-649E-4487-8D5E-B1DB87018793}
	EndGlobalSection
EndGlobal
